// !$*UTF8*$!
{
	archiveVersion = 1;
	classes = {
	};
	objectVersion = 50;
	objects = {

/* Begin PBXBuildFile section */
		5B29D35624275BFB006C52C2 /* GradientView.swift in Sources */ = {isa = PBXBuildFile; fileRef = 5B29D35524275BFB006C52C2 /* GradientView.swift */; };
		5B29D35824275C4E006C52C2 /* UIView+Extension.swift in Sources */ = {isa = PBXBuildFile; fileRef = 5B29D35724275C4E006C52C2 /* UIView+Extension.swift */; };
		5B29D35A242772A5006C52C2 /* UIViewController+Extension.swift in Sources */ = {isa = PBXBuildFile; fileRef = 5B29D359242772A5006C52C2 /* UIViewController+Extension.swift */; };
		5B29D35C242775CF006C52C2 /* Results.swift in Sources */ = {isa = PBXBuildFile; fileRef = 5B29D35B242775CF006C52C2 /* Results.swift */; };
		5B5427A324266C5A00B1273B /* TasksViewController.swift in Sources */ = {isa = PBXBuildFile; fileRef = 5B5427A224266C5A00B1273B /* TasksViewController.swift */; };
		5B5427AA24266E1300B1273B /* MapViewController.swift in Sources */ = {isa = PBXBuildFile; fileRef = 5B5427A924266E1300B1273B /* MapViewController.swift */; };
		5B5427AD24266F9F00B1273B /* Task.swift in Sources */ = {isa = PBXBuildFile; fileRef = 5B5427AC24266F9F00B1273B /* Task.swift */; };
		5B5427B02426701F00B1273B /* TaskTableViewCell.swift in Sources */ = {isa = PBXBuildFile; fileRef = 5B5427AF2426701F00B1273B /* TaskTableViewCell.swift */; };
		5B5427B32426710800B1273B /* UIStackView+Extension.swift in Sources */ = {isa = PBXBuildFile; fileRef = 5B5427B22426710800B1273B /* UIStackView+Extension.swift */; };
		5B5427B7242673E900B1273B /* NetworkManager.swift in Sources */ = {isa = PBXBuildFile; fileRef = 5B5427B6242673E900B1273B /* NetworkManager.swift */; };
		5B5427BA242674FB00B1273B /* AuthViewController.swift in Sources */ = {isa = PBXBuildFile; fileRef = 5B5427B9242674FB00B1273B /* AuthViewController.swift */; };
		5B5427BC2426756A00B1273B /* OneLineTextField.swift in Sources */ = {isa = PBXBuildFile; fileRef = 5B5427BB2426756A00B1273B /* OneLineTextField.swift */; };
		5B5427BE2426758300B1273B /* UIColor+Extension.swift in Sources */ = {isa = PBXBuildFile; fileRef = 5B5427BD2426758300B1273B /* UIColor+Extension.swift */; };
		5B5427C02426773300B1273B /* UIButton+Extension.swift in Sources */ = {isa = PBXBuildFile; fileRef = 5B5427BF2426773300B1273B /* UIButton+Extension.swift */; };
		5B5427C22426775800B1273B /* UIFont+Extension.swift in Sources */ = {isa = PBXBuildFile; fileRef = 5B5427C12426775800B1273B /* UIFont+Extension.swift */; };
		5B5427C42426780C00B1273B /* UILabel+Extension.swift in Sources */ = {isa = PBXBuildFile; fileRef = 5B5427C32426780C00B1273B /* UILabel+Extension.swift */; };
		5B5427C62426785900B1273B /* TextFieldFormView.swift in Sources */ = {isa = PBXBuildFile; fileRef = 5B5427C52426785900B1273B /* TextFieldFormView.swift */; };
		5B5427C92426A5F100B1273B /* AuthData.swift in Sources */ = {isa = PBXBuildFile; fileRef = 5B5427C82426A5F100B1273B /* AuthData.swift */; };
		5B5427CB2426AFBE00B1273B /* CreateTaskViewController.swift in Sources */ = {isa = PBXBuildFile; fileRef = 5B5427CA2426AFBE00B1273B /* CreateTaskViewController.swift */; };
		5B5427CD2426BE6000B1273B /* TaskData.swift in Sources */ = {isa = PBXBuildFile; fileRef = 5B5427CC2426BE6000B1273B /* TaskData.swift */; };
		5B5427D32426C82A00B1273B /* NMAKit.framework in Frameworks */ = {isa = PBXBuildFile; fileRef = 5B5427D22426C82A00B1273B /* NMAKit.framework */; };
		5B5427D42426C82A00B1273B /* NMAKit.framework in Embed Frameworks */ = {isa = PBXBuildFile; fileRef = 5B5427D22426C82A00B1273B /* NMAKit.framework */; settings = {ATTRIBUTES = (CodeSignOnCopy, RemoveHeadersOnCopy, ); }; };
		5BB5CF922426D93700BCF313 /* ActiveTaskData.swift in Sources */ = {isa = PBXBuildFile; fileRef = 5BB5CF912426D93600BCF313 /* ActiveTaskData.swift */; };
		5BE721E924261988007B1250 /* AppDelegate.swift in Sources */ = {isa = PBXBuildFile; fileRef = 5BE721E824261988007B1250 /* AppDelegate.swift */; };
		5BE721EB24261988007B1250 /* SceneDelegate.swift in Sources */ = {isa = PBXBuildFile; fileRef = 5BE721EA24261988007B1250 /* SceneDelegate.swift */; };
		5BE721ED24261988007B1250 /* MainTabBarController.swift in Sources */ = {isa = PBXBuildFile; fileRef = 5BE721EC24261988007B1250 /* MainTabBarController.swift */; };
		5BE721F224261989007B1250 /* Assets.xcassets in Resources */ = {isa = PBXBuildFile; fileRef = 5BE721F124261989007B1250 /* Assets.xcassets */; };
/* End PBXBuildFile section */

/* Begin PBXCopyFilesBuildPhase section */
		5B5427D52426C82A00B1273B /* Embed Frameworks */ = {
			isa = PBXCopyFilesBuildPhase;
			buildActionMask = 2147483647;
			dstPath = "";
			dstSubfolderSpec = 10;
			files = (
				5B5427D42426C82A00B1273B /* NMAKit.framework in Embed Frameworks */,
			);
			name = "Embed Frameworks";
			runOnlyForDeploymentPostprocessing = 0;
		};
/* End PBXCopyFilesBuildPhase section */

/* Begin PBXFileReference section */
		5B29D35524275BFB006C52C2 /* GradientView.swift */ = {isa = PBXFileReference; lastKnownFileType = sourcecode.swift; path = GradientView.swift; sourceTree = "<group>"; };
		5B29D35724275C4E006C52C2 /* UIView+Extension.swift */ = {isa = PBXFileReference; lastKnownFileType = sourcecode.swift; path = "UIView+Extension.swift"; sourceTree = "<group>"; };
		5B29D359242772A5006C52C2 /* UIViewController+Extension.swift */ = {isa = PBXFileReference; lastKnownFileType = sourcecode.swift; path = "UIViewController+Extension.swift"; sourceTree = "<group>"; };
		5B29D35B242775CF006C52C2 /* Results.swift */ = {isa = PBXFileReference; lastKnownFileType = sourcecode.swift; path = Results.swift; sourceTree = "<group>"; };
		5B5427A224266C5A00B1273B /* TasksViewController.swift */ = {isa = PBXFileReference; lastKnownFileType = sourcecode.swift; path = TasksViewController.swift; sourceTree = "<group>"; };
		5B5427A924266E1300B1273B /* MapViewController.swift */ = {isa = PBXFileReference; lastKnownFileType = sourcecode.swift; path = MapViewController.swift; sourceTree = "<group>"; };
		5B5427AC24266F9F00B1273B /* Task.swift */ = {isa = PBXFileReference; lastKnownFileType = sourcecode.swift; path = Task.swift; sourceTree = "<group>"; };
		5B5427AF2426701F00B1273B /* TaskTableViewCell.swift */ = {isa = PBXFileReference; lastKnownFileType = sourcecode.swift; path = TaskTableViewCell.swift; sourceTree = "<group>"; };
		5B5427B22426710800B1273B /* UIStackView+Extension.swift */ = {isa = PBXFileReference; lastKnownFileType = sourcecode.swift; path = "UIStackView+Extension.swift"; sourceTree = "<group>"; };
		5B5427B6242673E900B1273B /* NetworkManager.swift */ = {isa = PBXFileReference; lastKnownFileType = sourcecode.swift; path = NetworkManager.swift; sourceTree = "<group>"; };
		5B5427B9242674FB00B1273B /* AuthViewController.swift */ = {isa = PBXFileReference; lastKnownFileType = sourcecode.swift; path = AuthViewController.swift; sourceTree = "<group>"; };
		5B5427BB2426756A00B1273B /* OneLineTextField.swift */ = {isa = PBXFileReference; lastKnownFileType = sourcecode.swift; path = OneLineTextField.swift; sourceTree = "<group>"; };
		5B5427BD2426758300B1273B /* UIColor+Extension.swift */ = {isa = PBXFileReference; lastKnownFileType = sourcecode.swift; path = "UIColor+Extension.swift"; sourceTree = "<group>"; };
		5B5427BF2426773300B1273B /* UIButton+Extension.swift */ = {isa = PBXFileReference; lastKnownFileType = sourcecode.swift; path = "UIButton+Extension.swift"; sourceTree = "<group>"; };
		5B5427C12426775800B1273B /* UIFont+Extension.swift */ = {isa = PBXFileReference; lastKnownFileType = sourcecode.swift; path = "UIFont+Extension.swift"; sourceTree = "<group>"; };
		5B5427C32426780C00B1273B /* UILabel+Extension.swift */ = {isa = PBXFileReference; lastKnownFileType = sourcecode.swift; path = "UILabel+Extension.swift"; sourceTree = "<group>"; };
		5B5427C52426785900B1273B /* TextFieldFormView.swift */ = {isa = PBXFileReference; lastKnownFileType = sourcecode.swift; path = TextFieldFormView.swift; sourceTree = "<group>"; };
		5B5427C82426A5F100B1273B /* AuthData.swift */ = {isa = PBXFileReference; lastKnownFileType = sourcecode.swift; path = AuthData.swift; sourceTree = "<group>"; };
		5B5427CA2426AFBE00B1273B /* CreateTaskViewController.swift */ = {isa = PBXFileReference; lastKnownFileType = sourcecode.swift; path = CreateTaskViewController.swift; sourceTree = "<group>"; };
		5B5427CC2426BE6000B1273B /* TaskData.swift */ = {isa = PBXFileReference; lastKnownFileType = sourcecode.swift; path = TaskData.swift; sourceTree = "<group>"; };
		5B5427CE2426C76800B1273B /* NMAKit.framework */ = {isa = PBXFileReference; lastKnownFileType = wrapper.framework; name = NMAKit.framework; path = "../../HERESDK-Premium/framework/NMAKit.framework"; sourceTree = "<group>"; };
		5B5427D22426C82A00B1273B /* NMAKit.framework */ = {isa = PBXFileReference; lastKnownFileType = wrapper.framework; name = NMAKit.framework; path = framework/NMAKit.framework; sourceTree = "<group>"; };
		5BB5CF912426D93600BCF313 /* ActiveTaskData.swift */ = {isa = PBXFileReference; lastKnownFileType = sourcecode.swift; path = ActiveTaskData.swift; sourceTree = "<group>"; };
		5BE721E524261988007B1250 /* DashaProject.app */ = {isa = PBXFileReference; explicitFileType = wrapper.application; includeInIndex = 0; path = DashaProject.app; sourceTree = BUILT_PRODUCTS_DIR; };
		5BE721E824261988007B1250 /* AppDelegate.swift */ = {isa = PBXFileReference; lastKnownFileType = sourcecode.swift; path = AppDelegate.swift; sourceTree = "<group>"; };
		5BE721EA24261988007B1250 /* SceneDelegate.swift */ = {isa = PBXFileReference; lastKnownFileType = sourcecode.swift; path = SceneDelegate.swift; sourceTree = "<group>"; };
		5BE721EC24261988007B1250 /* MainTabBarController.swift */ = {isa = PBXFileReference; lastKnownFileType = sourcecode.swift; path = MainTabBarController.swift; sourceTree = "<group>"; };
		5BE721F124261989007B1250 /* Assets.xcassets */ = {isa = PBXFileReference; lastKnownFileType = folder.assetcatalog; path = Assets.xcassets; sourceTree = "<group>"; };
		5BE721F624261989007B1250 /* Info.plist */ = {isa = PBXFileReference; lastKnownFileType = text.plist.xml; path = Info.plist; sourceTree = "<group>"; };
/* End PBXFileReference section */

/* Begin PBXFrameworksBuildPhase section */
		5BE721E224261988007B1250 /* Frameworks */ = {
			isa = PBXFrameworksBuildPhase;
			buildActionMask = 2147483647;
			files = (
				5B5427D32426C82A00B1273B /* NMAKit.framework in Frameworks */,
			);
			runOnlyForDeploymentPostprocessing = 0;
		};
/* End PBXFrameworksBuildPhase section */

/* Begin PBXGroup section */
		5B5427A424266C5E00B1273B /* Controllers */ = {
			isa = PBXGroup;
			children = (
				5B5427B8242674E700B1273B /* Auth */,
				5BE721EC24261988007B1250 /* MainTabBarController.swift */,
				5B5427A224266C5A00B1273B /* TasksViewController.swift */,
				5B5427CA2426AFBE00B1273B /* CreateTaskViewController.swift */,
				5B5427A924266E1300B1273B /* MapViewController.swift */,
			);
			path = Controllers;
			sourceTree = "<group>";
		};
		5B5427A524266C6B00B1273B /* Resources */ = {
			isa = PBXGroup;
			children = (
				5BE721F124261989007B1250 /* Assets.xcassets */,
			);
			path = Resources;
			sourceTree = "<group>";
		};
		5B5427A624266C7300B1273B /* App */ = {
			isa = PBXGroup;
			children = (
				5BE721E824261988007B1250 /* AppDelegate.swift */,
				5BE721EA24261988007B1250 /* SceneDelegate.swift */,
				5BE721F624261989007B1250 /* Info.plist */,
			);
			path = App;
			sourceTree = "<group>";
		};
		5B5427AB24266F9200B1273B /* Models */ = {
			isa = PBXGroup;
			children = (
				5BB5CF912426D93600BCF313 /* ActiveTaskData.swift */,
				5B5427C82426A5F100B1273B /* AuthData.swift */,
				5B5427AC24266F9F00B1273B /* Task.swift */,
				5B5427CC2426BE6000B1273B /* TaskData.swift */,
				5B29D35B242775CF006C52C2 /* Results.swift */,
			);
			path = Models;
			sourceTree = "<group>";
		};
		5B5427AE2426701200B1273B /* Views */ = {
			isa = PBXGroup;
			children = (
				5B5427C72426786400B1273B /* Cells */,
				5B5427BB2426756A00B1273B /* OneLineTextField.swift */,
				5B5427C52426785900B1273B /* TextFieldFormView.swift */,
				5B29D35524275BFB006C52C2 /* GradientView.swift */,
			);
			path = Views;
			sourceTree = "<group>";
		};
		5B5427B1242670EE00B1273B /* Extensions */ = {
			isa = PBXGroup;
			children = (
				5B5427BF2426773300B1273B /* UIButton+Extension.swift */,
				5B5427BD2426758300B1273B /* UIColor+Extension.swift */,
				5B5427C12426775800B1273B /* UIFont+Extension.swift */,
				5B5427C32426780C00B1273B /* UILabel+Extension.swift */,
				5B5427B22426710800B1273B /* UIStackView+Extension.swift */,
				5B29D35724275C4E006C52C2 /* UIView+Extension.swift */,
				5B29D359242772A5006C52C2 /* UIViewController+Extension.swift */,
			);
			path = Extensions;
			sourceTree = "<group>";
		};
		5B5427B4242673CF00B1273B /* Managers */ = {
			isa = PBXGroup;
			children = (
				5B5427B6242673E900B1273B /* NetworkManager.swift */,
			);
			path = Managers;
			sourceTree = "<group>";
		};
		5B5427B8242674E700B1273B /* Auth */ = {
			isa = PBXGroup;
			children = (
				5B5427B9242674FB00B1273B /* AuthViewController.swift */,
			);
			path = Auth;
			sourceTree = "<group>";
		};
		5B5427C72426786400B1273B /* Cells */ = {
			isa = PBXGroup;
			children = (
				5B5427AF2426701F00B1273B /* TaskTableViewCell.swift */,
			);
			path = Cells;
			sourceTree = "<group>";
		};
		5BE721DC24261988007B1250 = {
			isa = PBXGroup;
			children = (
				5BE721E724261988007B1250 /* DashaProject */,
				5BE721E624261988007B1250 /* Products */,
				5BE721FC24261B8A007B1250 /* Frameworks */,
			);
			sourceTree = "<group>";
		};
		5BE721E624261988007B1250 /* Products */ = {
			isa = PBXGroup;
			children = (
				5BE721E524261988007B1250 /* DashaProject.app */,
			);
			name = Products;
			sourceTree = "<group>";
		};
		5BE721E724261988007B1250 /* DashaProject */ = {
			isa = PBXGroup;
			children = (
				5B5427A624266C7300B1273B /* App */,
				5B5427A424266C5E00B1273B /* Controllers */,
				5B5427B1242670EE00B1273B /* Extensions */,
				5B5427B4242673CF00B1273B /* Managers */,
				5B5427AB24266F9200B1273B /* Models */,
				5B5427A524266C6B00B1273B /* Resources */,
				5B5427AE2426701200B1273B /* Views */,
			);
			path = DashaProject;
			sourceTree = "<group>";
		};
		5BE721FC24261B8A007B1250 /* Frameworks */ = {
			isa = PBXGroup;
			children = (
				5B5427D22426C82A00B1273B /* NMAKit.framework */,
				5B5427CE2426C76800B1273B /* NMAKit.framework */,
			);
			name = Frameworks;
			sourceTree = "<group>";
		};
/* End PBXGroup section */

/* Begin PBXNativeTarget section */
		5BE721E424261988007B1250 /* DashaProject */ = {
			isa = PBXNativeTarget;
			buildConfigurationList = 5BE721F924261989007B1250 /* Build configuration list for PBXNativeTarget "DashaProject" */;
			buildPhases = (
				5BE721E124261988007B1250 /* Sources */,
				5BE721E224261988007B1250 /* Frameworks */,
				5BE721E324261988007B1250 /* Resources */,
				5B5427D52426C82A00B1273B /* Embed Frameworks */,
			);
			buildRules = (
			);
			dependencies = (
			);
			name = DashaProject;
			productName = DashaProject;
			productReference = 5BE721E524261988007B1250 /* DashaProject.app */;
			productType = "com.apple.product-type.application";
		};
/* End PBXNativeTarget section */

/* Begin PBXProject section */
		5BE721DD24261988007B1250 /* Project object */ = {
			isa = PBXProject;
			attributes = {
				LastSwiftUpdateCheck = 1120;
				LastUpgradeCheck = 1120;
				ORGANIZATIONNAME = "Georgii Kashin";
				TargetAttributes = {
					5BE721E424261988007B1250 = {
						CreatedOnToolsVersion = 11.2.1;
					};
				};
			};
			buildConfigurationList = 5BE721E024261988007B1250 /* Build configuration list for PBXProject "DashaProject" */;
			compatibilityVersion = "Xcode 9.3";
			developmentRegion = en;
			hasScannedForEncodings = 0;
			knownRegions = (
				en,
				Base,
			);
			mainGroup = 5BE721DC24261988007B1250;
			productRefGroup = 5BE721E624261988007B1250 /* Products */;
			projectDirPath = "";
			projectRoot = "";
			targets = (
				5BE721E424261988007B1250 /* DashaProject */,
			);
		};
/* End PBXProject section */

/* Begin PBXResourcesBuildPhase section */
		5BE721E324261988007B1250 /* Resources */ = {
			isa = PBXResourcesBuildPhase;
			buildActionMask = 2147483647;
			files = (
				5BE721F224261989007B1250 /* Assets.xcassets in Resources */,
			);
			runOnlyForDeploymentPostprocessing = 0;
		};
/* End PBXResourcesBuildPhase section */

/* Begin PBXSourcesBuildPhase section */
		5BE721E124261988007B1250 /* Sources */ = {
			isa = PBXSourcesBuildPhase;
			buildActionMask = 2147483647;
			files = (
				5B29D35824275C4E006C52C2 /* UIView+Extension.swift in Sources */,
				5B5427BC2426756A00B1273B /* OneLineTextField.swift in Sources */,
				5B5427CB2426AFBE00B1273B /* CreateTaskViewController.swift in Sources */,
				5B5427BA242674FB00B1273B /* AuthViewController.swift in Sources */,
				5B5427C62426785900B1273B /* TextFieldFormView.swift in Sources */,
				5B5427B02426701F00B1273B /* TaskTableViewCell.swift in Sources */,
				5B5427C22426775800B1273B /* UIFont+Extension.swift in Sources */,
				5B29D35A242772A5006C52C2 /* UIViewController+Extension.swift in Sources */,
				5B29D35C242775CF006C52C2 /* Results.swift in Sources */,
				5B5427B7242673E900B1273B /* NetworkManager.swift in Sources */,
				5BB5CF922426D93700BCF313 /* ActiveTaskData.swift in Sources */,
				5B5427AA24266E1300B1273B /* MapViewController.swift in Sources */,
				5BE721ED24261988007B1250 /* MainTabBarController.swift in Sources */,
				5B5427C42426780C00B1273B /* UILabel+Extension.swift in Sources */,
				5B29D35624275BFB006C52C2 /* GradientView.swift in Sources */,
				5B5427A324266C5A00B1273B /* TasksViewController.swift in Sources */,
				5B5427B32426710800B1273B /* UIStackView+Extension.swift in Sources */,
				5BE721E924261988007B1250 /* AppDelegate.swift in Sources */,
				5B5427CD2426BE6000B1273B /* TaskData.swift in Sources */,
				5B5427C92426A5F100B1273B /* AuthData.swift in Sources */,
				5B5427BE2426758300B1273B /* UIColor+Extension.swift in Sources */,
				5B5427AD24266F9F00B1273B /* Task.swift in Sources */,
				5BE721EB24261988007B1250 /* SceneDelegate.swift in Sources */,
				5B5427C02426773300B1273B /* UIButton+Extension.swift in Sources */,
			);
			runOnlyForDeploymentPostprocessing = 0;
		};
/* End PBXSourcesBuildPhase section */

/* Begin XCBuildConfiguration section */
		5BE721F724261989007B1250 /* Debug */ = {
			isa = XCBuildConfiguration;
			buildSettings = {
				ALWAYS_SEARCH_USER_PATHS = NO;
				CLANG_ANALYZER_NONNULL = YES;
				CLANG_ANALYZER_NUMBER_OBJECT_CONVERSION = YES_AGGRESSIVE;
				CLANG_CXX_LANGUAGE_STANDARD = "gnu++14";
				CLANG_CXX_LIBRARY = "libc++";
				CLANG_ENABLE_MODULES = YES;
				CLANG_ENABLE_OBJC_ARC = YES;
				CLANG_ENABLE_OBJC_WEAK = YES;
				CLANG_WARN_BLOCK_CAPTURE_AUTORELEASING = YES;
				CLANG_WARN_BOOL_CONVERSION = YES;
				CLANG_WARN_COMMA = YES;
				CLANG_WARN_CONSTANT_CONVERSION = YES;
				CLANG_WARN_DEPRECATED_OBJC_IMPLEMENTATIONS = YES;
				CLANG_WARN_DIRECT_OBJC_ISA_USAGE = YES_ERROR;
				CLANG_WARN_DOCUMENTATION_COMMENTS = YES;
				CLANG_WARN_EMPTY_BODY = YES;
				CLANG_WARN_ENUM_CONVERSION = YES;
				CLANG_WARN_INFINITE_RECURSION = YES;
				CLANG_WARN_INT_CONVERSION = YES;
				CLANG_WARN_NON_LITERAL_NULL_CONVERSION = YES;
				CLANG_WARN_OBJC_IMPLICIT_RETAIN_SELF = YES;
				CLANG_WARN_OBJC_LITERAL_CONVERSION = YES;
				CLANG_WARN_OBJC_ROOT_CLASS = YES_ERROR;
				CLANG_WARN_RANGE_LOOP_ANALYSIS = YES;
				CLANG_WARN_STRICT_PROTOTYPES = YES;
				CLANG_WARN_SUSPICIOUS_MOVE = YES;
				CLANG_WARN_UNGUARDED_AVAILABILITY = YES_AGGRESSIVE;
				CLANG_WARN_UNREACHABLE_CODE = YES;
				CLANG_WARN__DUPLICATE_METHOD_MATCH = YES;
				COPY_PHASE_STRIP = NO;
				DEBUG_INFORMATION_FORMAT = dwarf;
				ENABLE_STRICT_OBJC_MSGSEND = YES;
				ENABLE_TESTABILITY = YES;
				GCC_C_LANGUAGE_STANDARD = gnu11;
				GCC_DYNAMIC_NO_PIC = NO;
				GCC_NO_COMMON_BLOCKS = YES;
				GCC_OPTIMIZATION_LEVEL = 0;
				GCC_PREPROCESSOR_DEFINITIONS = (
					"DEBUG=1",
					"$(inherited)",
				);
				GCC_WARN_64_TO_32_BIT_CONVERSION = YES;
				GCC_WARN_ABOUT_RETURN_TYPE = YES_ERROR;
				GCC_WARN_UNDECLARED_SELECTOR = YES;
				GCC_WARN_UNINITIALIZED_AUTOS = YES_AGGRESSIVE;
				GCC_WARN_UNUSED_FUNCTION = YES;
				GCC_WARN_UNUSED_VARIABLE = YES;
				IPHONEOS_DEPLOYMENT_TARGET = 13.2;
				MTL_ENABLE_DEBUG_INFO = INCLUDE_SOURCE;
				MTL_FAST_MATH = YES;
				ONLY_ACTIVE_ARCH = YES;
				SDKROOT = iphoneos;
				SWIFT_ACTIVE_COMPILATION_CONDITIONS = DEBUG;
				SWIFT_OPTIMIZATION_LEVEL = "-Onone";
			};
			name = Debug;
		};
		5BE721F824261989007B1250 /* Release */ = {
			isa = XCBuildConfiguration;
			buildSettings = {
				ALWAYS_SEARCH_USER_PATHS = NO;
				CLANG_ANALYZER_NONNULL = YES;
				CLANG_ANALYZER_NUMBER_OBJECT_CONVERSION = YES_AGGRESSIVE;
				CLANG_CXX_LANGUAGE_STANDARD = "gnu++14";
				CLANG_CXX_LIBRARY = "libc++";
				CLANG_ENABLE_MODULES = YES;
				CLANG_ENABLE_OBJC_ARC = YES;
				CLANG_ENABLE_OBJC_WEAK = YES;
				CLANG_WARN_BLOCK_CAPTURE_AUTORELEASING = YES;
				CLANG_WARN_BOOL_CONVERSION = YES;
				CLANG_WARN_COMMA = YES;
				CLANG_WARN_CONSTANT_CONVERSION = YES;
				CLANG_WARN_DEPRECATED_OBJC_IMPLEMENTATIONS = YES;
				CLANG_WARN_DIRECT_OBJC_ISA_USAGE = YES_ERROR;
				CLANG_WARN_DOCUMENTATION_COMMENTS = YES;
				CLANG_WARN_EMPTY_BODY = YES;
				CLANG_WARN_ENUM_CONVERSION = YES;
				CLANG_WARN_INFINITE_RECURSION = YES;
				CLANG_WARN_INT_CONVERSION = YES;
				CLANG_WARN_NON_LITERAL_NULL_CONVERSION = YES;
				CLANG_WARN_OBJC_IMPLICIT_RETAIN_SELF = YES;
				CLANG_WARN_OBJC_LITERAL_CONVERSION = YES;
				CLANG_WARN_OBJC_ROOT_CLASS = YES_ERROR;
				CLANG_WARN_RANGE_LOOP_ANALYSIS = YES;
				CLANG_WARN_STRICT_PROTOTYPES = YES;
				CLANG_WARN_SUSPICIOUS_MOVE = YES;
				CLANG_WARN_UNGUARDED_AVAILABILITY = YES_AGGRESSIVE;
				CLANG_WARN_UNREACHABLE_CODE = YES;
				CLANG_WARN__DUPLICATE_METHOD_MATCH = YES;
				COPY_PHASE_STRIP = NO;
				DEBUG_INFORMATION_FORMAT = "dwarf-with-dsym";
				ENABLE_NS_ASSERTIONS = NO;
				ENABLE_STRICT_OBJC_MSGSEND = YES;
				GCC_C_LANGUAGE_STANDARD = gnu11;
				GCC_NO_COMMON_BLOCKS = YES;
				GCC_WARN_64_TO_32_BIT_CONVERSION = YES;
				GCC_WARN_ABOUT_RETURN_TYPE = YES_ERROR;
				GCC_WARN_UNDECLARED_SELECTOR = YES;
				GCC_WARN_UNINITIALIZED_AUTOS = YES_AGGRESSIVE;
				GCC_WARN_UNUSED_FUNCTION = YES;
				GCC_WARN_UNUSED_VARIABLE = YES;
				IPHONEOS_DEPLOYMENT_TARGET = 13.2;
				MTL_ENABLE_DEBUG_INFO = NO;
				MTL_FAST_MATH = YES;
				SDKROOT = iphoneos;
				SWIFT_COMPILATION_MODE = wholemodule;
				SWIFT_OPTIMIZATION_LEVEL = "-O";
				VALIDATE_PRODUCT = YES;
			};
			name = Release;
		};
		5BE721FA24261989007B1250 /* Debug */ = {
			isa = XCBuildConfiguration;
			buildSettings = {
				ASSETCATALOG_COMPILER_APPICON_NAME = AppIcon;
				BUILD_LIBRARY_FOR_DISTRIBUTION = NO;
				CODE_SIGN_STYLE = Automatic;
				DEVELOPMENT_TEAM = 73A856J95H;
				FRAMEWORK_SEARCH_PATHS = (
					"$(inherited)",
					"$(PROJECT_DIR)",
					"$(PROJECT_DIR)/framework",
				);
				INFOPLIST_FILE = "$(SRCROOT)/DashaProject/App/Info.plist";
				IPHONEOS_DEPLOYMENT_TARGET = 13.4;
				LD_RUNPATH_SEARCH_PATHS = (
					"$(inherited)",
					"@executable_path/Frameworks",
				);
				PRODUCT_BUNDLE_IDENTIFIER = com.gkashin.DashaProject;
				PRODUCT_NAME = "$(TARGET_NAME)";
				SWIFT_VERSION = 5.0;
				TARGETED_DEVICE_FAMILY = 1;
			};
			name = Debug;
		};
		5BE721FB24261989007B1250 /* Release */ = {
			isa = XCBuildConfiguration;
			buildSettings = {
				ASSETCATALOG_COMPILER_APPICON_NAME = AppIcon;
				BUILD_LIBRARY_FOR_DISTRIBUTION = NO;
				CODE_SIGN_STYLE = Automatic;
				DEVELOPMENT_TEAM = 73A856J95H;
				FRAMEWORK_SEARCH_PATHS = (
					"$(inherited)",
					"$(PROJECT_DIR)",
					"$(PROJECT_DIR)/framework",
				);
				INFOPLIST_FILE = "$(SRCROOT)/DashaProject/App/Info.plist";
				IPHONEOS_DEPLOYMENT_TARGET = 13.4;
				LD_RUNPATH_SEARCH_PATHS = (
					"$(inherited)",
					"@executable_path/Frameworks",
				);
				PRODUCT_BUNDLE_IDENTIFIER = com.gkashin.DashaProject;
				PRODUCT_NAME = "$(TARGET_NAME)";
				SWIFT_VERSION = 5.0;
				TARGETED_DEVICE_FAMILY = 1;
			};
			name = Release;
		};
/* End XCBuildConfiguration section */

/* Begin XCConfigurationList section */
		5BE721E024261988007B1250 /* Build configuration list for PBXProject "DashaProject" */ = {
			isa = XCConfigurationList;
			buildConfigurations = (
				5BE721F724261989007B1250 /* Debug */,
				5BE721F824261989007B1250 /* Release */,
			);
			defaultConfigurationIsVisible = 0;
			defaultConfigurationName = Release;
		};
		5BE721F924261989007B1250 /* Build configuration list for PBXNativeTarget "DashaProject" */ = {
			isa = XCConfigurationList;
			buildConfigurations = (
				5BE721FA24261989007B1250 /* Debug */,
				5BE721FB24261989007B1250 /* Release */,
			);
			defaultConfigurationIsVisible = 0;
			defaultConfigurationName = Release;
		};
/* End XCConfigurationList section */
	};
	rootObject = 5BE721DD24261988007B1250 /* Project object */;
}
